
Microsoft Visual Studio Solution File, Format Version 12.00
# Visual Studio Version 16
VisualStudioVersion = 16.0.31313.79
MinimumVisualStudioVersion = 10.0.40219.1
Project("{8BC9CEB8-8B4A-11D0-8D11-00A0C91BC942}") = "PatchPE", "PatchePE.vcxproj", "{33A7A601-497D-4E45-982A-54960AD4A549}"
	ProjectSection(ProjectDependencies) = postProject
		{53B4EAA3-A2C6-475B-9210-994CFFF899CF} = {53B4EAA3-A2C6-475B-9210-994CFFF899CF}
	EndProjectSection
EndProject
Project("{8BC9CEB8-8B4A-11D0-8D11-00A0C91BC942}") = "DemoDll", "..\DemoDll\DemoDll.vcxproj", "{DD75D99A-BE2D-4200-943B-76FC74D53BB6}"
EndProject
Project("{8BC9CEB8-8B4A-11D0-8D11-00A0C91BC942}") = "Demo", "..\DemoExe\Demo.vcxproj", "{53B4EAA3-A2C6-475B-9210-994CFFF899CF}"
EndProject
Global
	GlobalSection(SolutionConfigurationPlatforms) = preSolution
		Debug|x64 = Debug|x64
		Debug|x86 = Debug|x86
		Release|x64 = Release|x64
		Release|x86 = Release|x86
	EndGlobalSection
	GlobalSection(ProjectConfigurationPlatforms) = postSolution
		{33A7A601-497D-4E45-982A-54960AD4A549}.Debug|x64.ActiveCfg = Debug|x64
		{33A7A601-497D-4E45-982A-54960AD4A549}.Debug|x64.Build.0 = Debug|x64
		{33A7A601-497D-4E45-982A-54960AD4A549}.Debug|x86.ActiveCfg = Debug|Win32
		{33A7A601-497D-4E45-982A-54960AD4A549}.Debug|x86.Build.0 = Debug|Win32
		{33A7A601-497D-4E45-982A-54960AD4A549}.Release|x64.ActiveCfg = Release|x64
		{33A7A601-497D-4E45-982A-54960AD4A549}.Release|x64.Build.0 = Release|x64
		{33A7A601-497D-4E45-982A-54960AD4A549}.Release|x86.ActiveCfg = Release|Win32
		{33A7A601-497D-4E45-982A-54960AD4A549}.Release|x86.Build.0 = Release|Win32
		{DD75D99A-BE2D-4200-943B-76FC74D53BB6}.Debug|x64.ActiveCfg = Debug|x64
		{DD75D99A-BE2D-4200-943B-76FC74D53BB6}.Debug|x64.Build.0 = Debug|x64
		{DD75D99A-BE2D-4200-943B-76FC74D53BB6}.Debug|x86.ActiveCfg = Debug|Win32
		{DD75D99A-BE2D-4200-943B-76FC74D53BB6}.Debug|x86.Build.0 = Debug|Win32
		{DD75D99A-BE2D-4200-943B-76FC74D53BB6}.Release|x64.ActiveCfg = Release|x64
		{DD75D99A-BE2D-4200-943B-76FC74D53BB6}.Release|x64.Build.0 = Release|x64
		{DD75D99A-BE2D-4200-943B-76FC74D53BB6}.Release|x86.ActiveCfg = Release|Win32
		{DD75D99A-BE2D-4200-943B-76FC74D53BB6}.Release|x86.Build.0 = Release|Win32
		{53B4EAA3-A2C6-475B-9210-994CFFF899CF}.Debug|x64.ActiveCfg = Debug|x64
		{53B4EAA3-A2C6-475B-9210-994CFFF899CF}.Debug|x64.Build.0 = Debug|x64
		{53B4EAA3-A2C6-475B-9210-994CFFF899CF}.Debug|x86.ActiveCfg = Debug|Win32
		{53B4EAA3-A2C6-475B-9210-994CFFF899CF}.Debug|x86.Build.0 = Debug|Win32
		{53B4EAA3-A2C6-475B-9210-994CFFF899CF}.Release|x64.ActiveCfg = Release|x64
		{53B4EAA3-A2C6-475B-9210-994CFFF899CF}.Release|x64.Build.0 = Release|x64
		{53B4EAA3-A2C6-475B-9210-994CFFF899CF}.Release|x86.ActiveCfg = Release|Win32
		{53B4EAA3-A2C6-475B-9210-994CFFF899CF}.Release|x86.Build.0 = Release|Win32
	EndGlobalSection
	GlobalSection(SolutionProperties) = preSolution
		HideSolutionNode = FALSE
	EndGlobalSection
	GlobalSection(ExtensibilityGlobals) = postSolution
		SolutionGuid = {D628104D-07C2-4891-BBC2-2E52CCA49443}
	EndGlobalSection
EndGlobal
